#MicroXplorer Configuration settings - do not modify
File.Version=5
KeepUserPlacement=false
Mcu.Family=STM32F1
Mcu.IP0=NVIC
Mcu.IP1=RCC
Mcu.IPNb=2
Mcu.Name=STM32F103C(8-B)Tx
Mcu.Package=LQFP48
Mcu.Pin0=PD0-OSC_IN
Mcu.Pin1=PD1-OSC_OUT
Mcu.PinsNb=2
Mcu.UserName=STM32F103C8Tx
MxCube.Version=4.8.0
MxDb.Version=DB.4.0.80
NVIC.PriorityGroup=NVIC_PRIORITYGROUP_4
NVIC.SysTick_IRQn=true\:0\:0\:false
PCC.Checker=false
PCC.Family=STM32F1
PCC.MCU=STM32F103C(8-B)Tx
PCC.MXVersion=4.8.0
PCC.PartNumber=STM32F103C8Tx
PCC.Seq0=0
PCC.SubFamily=STM32F103
PCC.Temperature=25
PCC.Vdd=3.3
PD0-OSC_IN.Mode=HSE-External-Oscillator
PD0-OSC_IN.Signal=RCC_OSC_IN
PD1-OSC_OUT.Mode=HSE-External-Oscillator
PD1-OSC_OUT.Signal=RCC_OSC_OUT
ProjectManager.AskForMigrate=true
ProjectManager.BackupPrevious=false
ProjectManager.CompilerOptimize=2
ProjectManager.ComputerToolchain=false
ProjectManager.CoupleFile=false
ProjectManager.DeletePrevious=true
ProjectManager.DeviceId=STM32F103C8Tx
ProjectManager.FirmwarePackage=STM32Cube FW_F1 V1.0.0
ProjectManager.FreePins=false
ProjectManager.HalAssertFull=false
ProjectManager.KeepUserCode=true
ProjectManager.LastFirmware=true
ProjectManager.LibraryCopy=0
ProjectManager.ProjectBuild=false
ProjectManager.ProjectFileName=WaterCtrlV1.ioc
ProjectManager.ProjectName=WaterCtrlV1
ProjectManager.TargetToolchain=SW4STM32
ProjectManager.ToolChainLocation=
RCC.ADCFreqValue=36000000
RCC.AHBFreq_Value=72000000
RCC.APB1CLKDivider=RCC_HCLK_DIV2
RCC.APB1Freq_Value=36000000
RCC.APB1TimFreq_Value=72000000
RCC.APB2Freq_Value=72000000
RCC.APB2TimFreq_Value=72000000
RCC.FCLKCortexFreq_Value=72000000
RCC.FamilyName=M
RCC.HCLKFreq_Value=72000000
RCC.HSIState=RCC_HSI_ON
RCC.IPParameters=HSIState,VCOOutput2Freq_Value,PLLMUL,FamilyName,PLLMCOFreq_Value,APB1TimFreq_Value,APB2Freq_Value,APB1CLKDivider,HCLKFreq_Value,FCLKCortexFreq_Value,USBFreq_Value,AHBFreq_Value,TimSysFreq_Value,PLLSourceVirtual,ADCFreqValue,SYSCLKFreq_VALUE,SYSCLKSource,MCOFreq_Value,APB1Freq_Value,PLLCLKFreq_Value,APB2TimFreq_Value
RCC.MCOFreq_Value=72000000
RCC.PLLCLKFreq_Value=72000000
RCC.PLLMCOFreq_Value=36000000
RCC.PLLMUL=RCC_PLL_MUL9
RCC.PLLSourceVirtual=RCC_PLLSOURCE_HSE
RCC.SYSCLKFreq_VALUE=72000000
RCC.SYSCLKSource=RCC_SYSCLKSOURCE_PLLCLK
RCC.TimSysFreq_Value=72000000
RCC.USBFreq_Value=72000000
RCC.VCOOutput2Freq_Value=8000000
board=custom
